// !$*UTF8*$!
{
	archiveVersion = 1;
	classes = {
	};
	objectVersion = 56;
	objects = {

/* Begin PBXBuildFile section */
		7B30760A2C53C4A800F430C2 /* NotificationManager.swift in Sources */ = {isa = PBXBuildFile; fileRef = 7B3076092C53C4A800F430C2 /* NotificationManager.swift */; };
		7BE8344A2C53BB3900B1B632 /* AppDelegate.swift in Sources */ = {isa = PBXBuildFile; fileRef = 7BE834492C53BB3900B1B632 /* AppDelegate.swift */; };
		7BE834532C53BB3A00B1B632 /* Assets.xcassets in Resources */ = {isa = PBXBuildFile; fileRef = 7BE834522C53BB3A00B1B632 /* Assets.xcassets */; };
		7BE834562C53BB3A00B1B632 /* Base in Resources */ = {isa = PBXBuildFile; fileRef = 7BE834552C53BB3A00B1B632 /* Base */; };
		7BE834612C53BB3A00B1B632 /* iMedicinesTests.swift in Sources */ = {isa = PBXBuildFile; fileRef = 7BE834602C53BB3A00B1B632 /* iMedicinesTests.swift */; };
		7BE8346B2C53BB3A00B1B632 /* iMedicinesUITests.swift in Sources */ = {isa = PBXBuildFile; fileRef = 7BE8346A2C53BB3A00B1B632 /* iMedicinesUITests.swift */; };
		7BE8346D2C53BB3A00B1B632 /* iMedicinesUITestsLaunchTests.swift in Sources */ = {isa = PBXBuildFile; fileRef = 7BE8346C2C53BB3A00B1B632 /* iMedicinesUITestsLaunchTests.swift */; };
		7BE8347B2C53BBA700B1B632 /* RealmSwift in Frameworks */ = {isa = PBXBuildFile; productRef = 7BE8347A2C53BBA700B1B632 /* RealmSwift */; };
		7BE834872C53BBD800B1B632 /* AddMedicinesViewController.swift in Sources */ = {isa = PBXBuildFile; fileRef = 7BE8347C2C53BBD700B1B632 /* AddMedicinesViewController.swift */; };
		7BE834882C53BBD800B1B632 /* HomeViewController.swift in Sources */ = {isa = PBXBuildFile; fileRef = 7BE8347D2C53BBD700B1B632 /* HomeViewController.swift */; };
		7BE834892C53BBD800B1B632 /* RealmSwift.swift in Sources */ = {isa = PBXBuildFile; fileRef = 7BE8347F2C53BBD700B1B632 /* RealmSwift.swift */; };
		7BE8348A2C53BBD800B1B632 /* MedicinesHistoryViewController.swift in Sources */ = {isa = PBXBuildFile; fileRef = 7BE834812C53BBD700B1B632 /* MedicinesHistoryViewController.swift */; };
		7BE8348B2C53BBD800B1B632 /* UIColor.swift in Sources */ = {isa = PBXBuildFile; fileRef = 7BE834832C53BBD800B1B632 /* UIColor.swift */; };
		7BE8348C2C53BBD800B1B632 /* UIView.swift in Sources */ = {isa = PBXBuildFile; fileRef = 7BE834842C53BBD800B1B632 /* UIView.swift */; };
		7BE8348D2C53BBD800B1B632 /* UIViewController.swift in Sources */ = {isa = PBXBuildFile; fileRef = 7BE834852C53BBD800B1B632 /* UIViewController.swift */; };
		7BE834932C53BBE800B1B632 /* EffectTableViewCell.swift in Sources */ = {isa = PBXBuildFile; fileRef = 7BE8348E2C53BBE700B1B632 /* EffectTableViewCell.swift */; };
		7BE834942C53BBE800B1B632 /* MedicineEffectsViewController.swift in Sources */ = {isa = PBXBuildFile; fileRef = 7BE8348F2C53BBE700B1B632 /* MedicineEffectsViewController.swift */; };
		7BE834952C53BBE800B1B632 /* MedicinesDetailsViewController.swift in Sources */ = {isa = PBXBuildFile; fileRef = 7BE834902C53BBE700B1B632 /* MedicinesDetailsViewController.swift */; };
		7BE834962C53BBE800B1B632 /* TableViewCell.swift in Sources */ = {isa = PBXBuildFile; fileRef = 7BE834922C53BBE800B1B632 /* TableViewCell.swift */; };
/* End PBXBuildFile section */

/* Begin PBXContainerItemProxy section */
		7BE8345D2C53BB3A00B1B632 /* PBXContainerItemProxy */ = {
			isa = PBXContainerItemProxy;
			containerPortal = 7BE8343E2C53BB3900B1B632 /* Project object */;
			proxyType = 1;
			remoteGlobalIDString = 7BE834452C53BB3900B1B632;
			remoteInfo = iMedicines;
		};
		7BE834672C53BB3A00B1B632 /* PBXContainerItemProxy */ = {
			isa = PBXContainerItemProxy;
			containerPortal = 7BE8343E2C53BB3900B1B632 /* Project object */;
			proxyType = 1;
			remoteGlobalIDString = 7BE834452C53BB3900B1B632;
			remoteInfo = iMedicines;
		};
/* End PBXContainerItemProxy section */

/* Begin PBXFileReference section */
		7B3076092C53C4A800F430C2 /* NotificationManager.swift */ = {isa = PBXFileReference; lastKnownFileType = sourcecode.swift; path = NotificationManager.swift; sourceTree = "<group>"; };
		7BE834462C53BB3900B1B632 /* iMedicines.app */ = {isa = PBXFileReference; explicitFileType = wrapper.application; includeInIndex = 0; path = iMedicines.app; sourceTree = BUILT_PRODUCTS_DIR; };
		7BE834492C53BB3900B1B632 /* AppDelegate.swift */ = {isa = PBXFileReference; lastKnownFileType = sourcecode.swift; path = AppDelegate.swift; sourceTree = "<group>"; };
		7BE834522C53BB3A00B1B632 /* Assets.xcassets */ = {isa = PBXFileReference; lastKnownFileType = folder.assetcatalog; path = Assets.xcassets; sourceTree = "<group>"; };
		7BE834552C53BB3A00B1B632 /* Base */ = {isa = PBXFileReference; lastKnownFileType = file.storyboard; name = Base; path = Base.lproj/LaunchScreen.storyboard; sourceTree = "<group>"; };
		7BE834572C53BB3A00B1B632 /* Info.plist */ = {isa = PBXFileReference; lastKnownFileType = text.plist.xml; path = Info.plist; sourceTree = "<group>"; };
		7BE8345C2C53BB3A00B1B632 /* iMedicinesTests.xctest */ = {isa = PBXFileReference; explicitFileType = wrapper.cfbundle; includeInIndex = 0; path = iMedicinesTests.xctest; sourceTree = BUILT_PRODUCTS_DIR; };
		7BE834602C53BB3A00B1B632 /* iMedicinesTests.swift */ = {isa = PBXFileReference; lastKnownFileType = sourcecode.swift; path = iMedicinesTests.swift; sourceTree = "<group>"; };
		7BE834662C53BB3A00B1B632 /* iMedicinesUITests.xctest */ = {isa = PBXFileReference; explicitFileType = wrapper.cfbundle; includeInIndex = 0; path = iMedicinesUITests.xctest; sourceTree = BUILT_PRODUCTS_DIR; };
		7BE8346A2C53BB3A00B1B632 /* iMedicinesUITests.swift */ = {isa = PBXFileReference; lastKnownFileType = sourcecode.swift; path = iMedicinesUITests.swift; sourceTree = "<group>"; };
		7BE8346C2C53BB3A00B1B632 /* iMedicinesUITestsLaunchTests.swift */ = {isa = PBXFileReference; lastKnownFileType = sourcecode.swift; path = iMedicinesUITestsLaunchTests.swift; sourceTree = "<group>"; };
		7BE8347C2C53BBD700B1B632 /* AddMedicinesViewController.swift */ = {isa = PBXFileReference; fileEncoding = 4; lastKnownFileType = sourcecode.swift; path = AddMedicinesViewController.swift; sourceTree = "<group>"; };
		7BE8347D2C53BBD700B1B632 /* HomeViewController.swift */ = {isa = PBXFileReference; fileEncoding = 4; lastKnownFileType = sourcecode.swift; path = HomeViewController.swift; sourceTree = "<group>"; };
		7BE8347F2C53BBD700B1B632 /* RealmSwift.swift */ = {isa = PBXFileReference; fileEncoding = 4; lastKnownFileType = sourcecode.swift; path = RealmSwift.swift; sourceTree = "<group>"; };
		7BE834812C53BBD700B1B632 /* MedicinesHistoryViewController.swift */ = {isa = PBXFileReference; fileEncoding = 4; lastKnownFileType = sourcecode.swift; path = MedicinesHistoryViewController.swift; sourceTree = "<group>"; };
		7BE834832C53BBD800B1B632 /* UIColor.swift */ = {isa = PBXFileReference; fileEncoding = 4; lastKnownFileType = sourcecode.swift; path = UIColor.swift; sourceTree = "<group>"; };
		7BE834842C53BBD800B1B632 /* UIView.swift */ = {isa = PBXFileReference; fileEncoding = 4; lastKnownFileType = sourcecode.swift; path = UIView.swift; sourceTree = "<group>"; };
		7BE834852C53BBD800B1B632 /* UIViewController.swift */ = {isa = PBXFileReference; fileEncoding = 4; lastKnownFileType = sourcecode.swift; path = UIViewController.swift; sourceTree = "<group>"; };
		7BE8348E2C53BBE700B1B632 /* EffectTableViewCell.swift */ = {isa = PBXFileReference; fileEncoding = 4; lastKnownFileType = sourcecode.swift; path = EffectTableViewCell.swift; sourceTree = "<group>"; };
		7BE8348F2C53BBE700B1B632 /* MedicineEffectsViewController.swift */ = {isa = PBXFileReference; fileEncoding = 4; lastKnownFileType = sourcecode.swift; path = MedicineEffectsViewController.swift; sourceTree = "<group>"; };
		7BE834902C53BBE700B1B632 /* MedicinesDetailsViewController.swift */ = {isa = PBXFileReference; fileEncoding = 4; lastKnownFileType = sourcecode.swift; path = MedicinesDetailsViewController.swift; sourceTree = "<group>"; };
		7BE834922C53BBE800B1B632 /* TableViewCell.swift */ = {isa = PBXFileReference; fileEncoding = 4; lastKnownFileType = sourcecode.swift; path = TableViewCell.swift; sourceTree = "<group>"; };
/* End PBXFileReference section */

/* Begin PBXFrameworksBuildPhase section */
		7BE834432C53BB3900B1B632 /* Frameworks */ = {
			isa = PBXFrameworksBuildPhase;
			buildActionMask = 2147483647;
			files = (
				7BE8347B2C53BBA700B1B632 /* RealmSwift in Frameworks */,
			);
			runOnlyForDeploymentPostprocessing = 0;
		};
		7BE834592C53BB3A00B1B632 /* Frameworks */ = {
			isa = PBXFrameworksBuildPhase;
			buildActionMask = 2147483647;
			files = (
			);
			runOnlyForDeploymentPostprocessing = 0;
		};
		7BE834632C53BB3A00B1B632 /* Frameworks */ = {
			isa = PBXFrameworksBuildPhase;
			buildActionMask = 2147483647;
			files = (
			);
			runOnlyForDeploymentPostprocessing = 0;
		};
/* End PBXFrameworksBuildPhase section */

/* Begin PBXGroup section */
		7BE8343D2C53BB3900B1B632 = {
			isa = PBXGroup;
			children = (
				7BE834482C53BB3900B1B632 /* iMedicines */,
				7BE8345F2C53BB3A00B1B632 /* iMedicinesTests */,
				7BE834692C53BB3A00B1B632 /* iMedicinesUITests */,
				7BE834472C53BB3900B1B632 /* Products */,
			);
			sourceTree = "<group>";
		};
		7BE834472C53BB3900B1B632 /* Products */ = {
			isa = PBXGroup;
			children = (
				7BE834462C53BB3900B1B632 /* iMedicines.app */,
				7BE8345C2C53BB3A00B1B632 /* iMedicinesTests.xctest */,
				7BE834662C53BB3A00B1B632 /* iMedicinesUITests.xctest */,
			);
			name = Products;
			sourceTree = "<group>";
		};
		7BE834482C53BB3900B1B632 /* iMedicines */ = {
			isa = PBXGroup;
			children = (
				7BE834492C53BB3900B1B632 /* AppDelegate.swift */,
				7BE8347E2C53BBD700B1B632 /* HomeViewController */,
				7BE834912C53BBE700B1B632 /* MedicineDetailsViewController */,
				7BE834822C53BBD700B1B632 /* HistoryViewCotnroller */,
				7BE834922C53BBE800B1B632 /* TableViewCell.swift */,
				7BE834802C53BBD700B1B632 /* CustomElements */,
				7BE834862C53BBD800B1B632 /* Extentions */,
				7BE834522C53BB3A00B1B632 /* Assets.xcassets */,
				7BE834542C53BB3A00B1B632 /* LaunchScreen.storyboard */,
				7BE834572C53BB3A00B1B632 /* Info.plist */,
			);
			path = iMedicines;
			sourceTree = "<group>";
		};
		7BE8345F2C53BB3A00B1B632 /* iMedicinesTests */ = {
			isa = PBXGroup;
			children = (
				7BE834602C53BB3A00B1B632 /* iMedicinesTests.swift */,
			);
			path = iMedicinesTests;
			sourceTree = "<group>";
		};
		7BE834692C53BB3A00B1B632 /* iMedicinesUITests */ = {
			isa = PBXGroup;
			children = (
				7BE8346A2C53BB3A00B1B632 /* iMedicinesUITests.swift */,
				7BE8346C2C53BB3A00B1B632 /* iMedicinesUITestsLaunchTests.swift */,
			);
			path = iMedicinesUITests;
			sourceTree = "<group>";
		};
		7BE8347E2C53BBD700B1B632 /* HomeViewController */ = {
			isa = PBXGroup;
			children = (
				7BE8347C2C53BBD700B1B632 /* AddMedicinesViewController.swift */,
				7BE8347D2C53BBD700B1B632 /* HomeViewController.swift */,
			);
			path = HomeViewController;
			sourceTree = "<group>";
		};
		7BE834802C53BBD700B1B632 /* CustomElements */ = {
			isa = PBXGroup;
			children = (
				7BE8347F2C53BBD700B1B632 /* RealmSwift.swift */,
				7B3076092C53C4A800F430C2 /* NotificationManager.swift */,
			);
			path = CustomElements;
			sourceTree = "<group>";
		};
		7BE834822C53BBD700B1B632 /* HistoryViewCotnroller */ = {
			isa = PBXGroup;
			children = (
				7BE834812C53BBD700B1B632 /* MedicinesHistoryViewController.swift */,
			);
			path = HistoryViewCotnroller;
			sourceTree = "<group>";
		};
		7BE834862C53BBD800B1B632 /* Extentions */ = {
			isa = PBXGroup;
			children = (
				7BE834832C53BBD800B1B632 /* UIColor.swift */,
				7BE834842C53BBD800B1B632 /* UIView.swift */,
				7BE834852C53BBD800B1B632 /* UIViewController.swift */,
			);
			path = Extentions;
			sourceTree = "<group>";
		};
		7BE834912C53BBE700B1B632 /* MedicineDetailsViewController */ = {
			isa = PBXGroup;
			children = (
				7BE8348E2C53BBE700B1B632 /* EffectTableViewCell.swift */,
				7BE8348F2C53BBE700B1B632 /* MedicineEffectsViewController.swift */,
				7BE834902C53BBE700B1B632 /* MedicinesDetailsViewController.swift */,
			);
			path = MedicineDetailsViewController;
			sourceTree = "<group>";
		};
/* End PBXGroup section */

/* Begin PBXNativeTarget section */
		7BE834452C53BB3900B1B632 /* iMedicines */ = {
			isa = PBXNativeTarget;
			buildConfigurationList = 7BE834702C53BB3A00B1B632 /* Build configuration list for PBXNativeTarget "iMedicines" */;
			buildPhases = (
				7BE834422C53BB3900B1B632 /* Sources */,
				7BE834432C53BB3900B1B632 /* Frameworks */,
				7BE834442C53BB3900B1B632 /* Resources */,
			);
			buildRules = (
			);
			dependencies = (
			);
			name = iMedicines;
			packageProductDependencies = (
				7BE8347A2C53BBA700B1B632 /* RealmSwift */,
			);
			productName = iMedicines;
			productReference = 7BE834462C53BB3900B1B632 /* iMedicines.app */;
			productType = "com.apple.product-type.application";
		};
		7BE8345B2C53BB3A00B1B632 /* iMedicinesTests */ = {
			isa = PBXNativeTarget;
			buildConfigurationList = 7BE834732C53BB3A00B1B632 /* Build configuration list for PBXNativeTarget "iMedicinesTests" */;
			buildPhases = (
				7BE834582C53BB3A00B1B632 /* Sources */,
				7BE834592C53BB3A00B1B632 /* Frameworks */,
				7BE8345A2C53BB3A00B1B632 /* Resources */,
			);
			buildRules = (
			);
			dependencies = (
				7BE8345E2C53BB3A00B1B632 /* PBXTargetDependency */,
			);
			name = iMedicinesTests;
			productName = iMedicinesTests;
			productReference = 7BE8345C2C53BB3A00B1B632 /* iMedicinesTests.xctest */;
			productType = "com.apple.product-type.bundle.unit-test";
		};
		7BE834652C53BB3A00B1B632 /* iMedicinesUITests */ = {
			isa = PBXNativeTarget;
			buildConfigurationList = 7BE834762C53BB3A00B1B632 /* Build configuration list for PBXNativeTarget "iMedicinesUITests" */;
			buildPhases = (
				7BE834622C53BB3A00B1B632 /* Sources */,
				7BE834632C53BB3A00B1B632 /* Frameworks */,
				7BE834642C53BB3A00B1B632 /* Resources */,
			);
			buildRules = (
			);
			dependencies = (
				7BE834682C53BB3A00B1B632 /* PBXTargetDependency */,
			);
			name = iMedicinesUITests;
			productName = iMedicinesUITests;
			productReference = 7BE834662C53BB3A00B1B632 /* iMedicinesUITests.xctest */;
			productType = "com.apple.product-type.bundle.ui-testing";
		};
/* End PBXNativeTarget section */

/* Begin PBXProject section */
		7BE8343E2C53BB3900B1B632 /* Project object */ = {
			isa = PBXProject;
			attributes = {
				BuildIndependentTargetsInParallel = 1;
				LastSwiftUpdateCheck = 1540;
				LastUpgradeCheck = 1540;
				TargetAttributes = {
					7BE834452C53BB3900B1B632 = {
						CreatedOnToolsVersion = 15.4;
					};
					7BE8345B2C53BB3A00B1B632 = {
						CreatedOnToolsVersion = 15.4;
						TestTargetID = 7BE834452C53BB3900B1B632;
					};
					7BE834652C53BB3A00B1B632 = {
						CreatedOnToolsVersion = 15.4;
						TestTargetID = 7BE834452C53BB3900B1B632;
					};
				};
			};
			buildConfigurationList = 7BE834412C53BB3900B1B632 /* Build configuration list for PBXProject "iMedicines" */;
			compatibilityVersion = "Xcode 14.0";
			developmentRegion = en;
			hasScannedForEncodings = 0;
			knownRegions = (
				en,
				Base,
			);
			mainGroup = 7BE8343D2C53BB3900B1B632;
			packageReferences = (
				7BE834792C53BBA700B1B632 /* XCRemoteSwiftPackageReference "realm-swift" */,
			);
			productRefGroup = 7BE834472C53BB3900B1B632 /* Products */;
			projectDirPath = "";
			projectRoot = "";
			targets = (
				7BE834452C53BB3900B1B632 /* iMedicines */,
				7BE8345B2C53BB3A00B1B632 /* iMedicinesTests */,
				7BE834652C53BB3A00B1B632 /* iMedicinesUITests */,
			);
		};
/* End PBXProject section */

/* Begin PBXResourcesBuildPhase section */
		7BE834442C53BB3900B1B632 /* Resources */ = {
			isa = PBXResourcesBuildPhase;
			buildActionMask = 2147483647;
			files = (
				7BE834532C53BB3A00B1B632 /* Assets.xcassets in Resources */,
				7BE834562C53BB3A00B1B632 /* Base in Resources */,
			);
			runOnlyForDeploymentPostprocessing = 0;
		};
		7BE8345A2C53BB3A00B1B632 /* Resources */ = {
			isa = PBXResourcesBuildPhase;
			buildActionMask = 2147483647;
			files = (
			);
			runOnlyForDeploymentPostprocessing = 0;
		};
		7BE834642C53BB3A00B1B632 /* Resources */ = {
			isa = PBXResourcesBuildPhase;
			buildActionMask = 2147483647;
			files = (
			);
			runOnlyForDeploymentPostprocessing = 0;
		};
/* End PBXResourcesBuildPhase section */

/* Begin PBXSourcesBuildPhase section */
		7BE834422C53BB3900B1B632 /* Sources */ = {
			isa = PBXSourcesBuildPhase;
			buildActionMask = 2147483647;
			files = (
				7BE834872C53BBD800B1B632 /* AddMedicinesViewController.swift in Sources */,
				7BE8348B2C53BBD800B1B632 /* UIColor.swift in Sources */,
				7BE834932C53BBE800B1B632 /* EffectTableViewCell.swift in Sources */,
				7BE834942C53BBE800B1B632 /* MedicineEffectsViewController.swift in Sources */,
				7BE834892C53BBD800B1B632 /* RealmSwift.swift in Sources */,
				7BE834952C53BBE800B1B632 /* MedicinesDetailsViewController.swift in Sources */,
				7B30760A2C53C4A800F430C2 /* NotificationManager.swift in Sources */,
				7BE8348C2C53BBD800B1B632 /* UIView.swift in Sources */,
				7BE8344A2C53BB3900B1B632 /* AppDelegate.swift in Sources */,
				7BE8348A2C53BBD800B1B632 /* MedicinesHistoryViewController.swift in Sources */,
				7BE834962C53BBE800B1B632 /* TableViewCell.swift in Sources */,
				7BE8348D2C53BBD800B1B632 /* UIViewController.swift in Sources */,
				7BE834882C53BBD800B1B632 /* HomeViewController.swift in Sources */,
			);
			runOnlyForDeploymentPostprocessing = 0;
		};
		7BE834582C53BB3A00B1B632 /* Sources */ = {
			isa = PBXSourcesBuildPhase;
			buildActionMask = 2147483647;
			files = (
				7BE834612C53BB3A00B1B632 /* iMedicinesTests.swift in Sources */,
			);
			runOnlyForDeploymentPostprocessing = 0;
		};
		7BE834622C53BB3A00B1B632 /* Sources */ = {
			isa = PBXSourcesBuildPhase;
			buildActionMask = 2147483647;
			files = (
				7BE8346D2C53BB3A00B1B632 /* iMedicinesUITestsLaunchTests.swift in Sources */,
				7BE8346B2C53BB3A00B1B632 /* iMedicinesUITests.swift in Sources */,
			);
			runOnlyForDeploymentPostprocessing = 0;
		};
/* End PBXSourcesBuildPhase section */

/* Begin PBXTargetDependency section */
		7BE8345E2C53BB3A00B1B632 /* PBXTargetDependency */ = {
			isa = PBXTargetDependency;
			target = 7BE834452C53BB3900B1B632 /* iMedicines */;
			targetProxy = 7BE8345D2C53BB3A00B1B632 /* PBXContainerItemProxy */;
		};
		7BE834682C53BB3A00B1B632 /* PBXTargetDependency */ = {
			isa = PBXTargetDependency;
			target = 7BE834452C53BB3900B1B632 /* iMedicines */;
			targetProxy = 7BE834672C53BB3A00B1B632 /* PBXContainerItemProxy */;
		};
/* End PBXTargetDependency section */

/* Begin PBXVariantGroup section */
		7BE834542C53BB3A00B1B632 /* LaunchScreen.storyboard */ = {
			isa = PBXVariantGroup;
			children = (
				7BE834552C53BB3A00B1B632 /* Base */,
			);
			name = LaunchScreen.storyboard;
			sourceTree = "<group>";
		};
/* End PBXVariantGroup section */

/* Begin XCBuildConfiguration section */
		7BE8346E2C53BB3A00B1B632 /* Debug */ = {
			isa = XCBuildConfiguration;
			buildSettings = {
				ALWAYS_SEARCH_USER_PATHS = NO;
				ASSETCATALOG_COMPILER_GENERATE_SWIFT_ASSET_SYMBOL_EXTENSIONS = YES;
				CLANG_ANALYZER_NONNULL = YES;
				CLANG_ANALYZER_NUMBER_OBJECT_CONVERSION = YES_AGGRESSIVE;
				CLANG_CXX_LANGUAGE_STANDARD = "gnu++20";
				CLANG_ENABLE_MODULES = YES;
				CLANG_ENABLE_OBJC_ARC = YES;
				CLANG_ENABLE_OBJC_WEAK = YES;
				CLANG_WARN_BLOCK_CAPTURE_AUTORELEASING = YES;
				CLANG_WARN_BOOL_CONVERSION = YES;
				CLANG_WARN_COMMA = YES;
				CLANG_WARN_CONSTANT_CONVERSION = YES;
				CLANG_WARN_DEPRECATED_OBJC_IMPLEMENTATIONS = YES;
				CLANG_WARN_DIRECT_OBJC_ISA_USAGE = YES_ERROR;
				CLANG_WARN_DOCUMENTATION_COMMENTS = YES;
				CLANG_WARN_EMPTY_BODY = YES;
				CLANG_WARN_ENUM_CONVERSION = YES;
				CLANG_WARN_INFINITE_RECURSION = YES;
				CLANG_WARN_INT_CONVERSION = YES;
				CLANG_WARN_NON_LITERAL_NULL_CONVERSION = YES;
				CLANG_WARN_OBJC_IMPLICIT_RETAIN_SELF = YES;
				CLANG_WARN_OBJC_LITERAL_CONVERSION = YES;
				CLANG_WARN_OBJC_ROOT_CLASS = YES_ERROR;
				CLANG_WARN_QUOTED_INCLUDE_IN_FRAMEWORK_HEADER = YES;
				CLANG_WARN_RANGE_LOOP_ANALYSIS = YES;
				CLANG_WARN_STRICT_PROTOTYPES = YES;
				CLANG_WARN_SUSPICIOUS_MOVE = YES;
				CLANG_WARN_UNGUARDED_AVAILABILITY = YES_AGGRESSIVE;
				CLANG_WARN_UNREACHABLE_CODE = YES;
				CLANG_WARN__DUPLICATE_METHOD_MATCH = YES;
				COPY_PHASE_STRIP = NO;
				DEBUG_INFORMATION_FORMAT = dwarf;
				ENABLE_STRICT_OBJC_MSGSEND = YES;
				ENABLE_TESTABILITY = YES;
				ENABLE_USER_SCRIPT_SANDBOXING = YES;
				GCC_C_LANGUAGE_STANDARD = gnu17;
				GCC_DYNAMIC_NO_PIC = NO;
				GCC_NO_COMMON_BLOCKS = YES;
				GCC_OPTIMIZATION_LEVEL = 0;
				GCC_PREPROCESSOR_DEFINITIONS = (
					"DEBUG=1",
					"$(inherited)",
				);
				GCC_WARN_64_TO_32_BIT_CONVERSION = YES;
				GCC_WARN_ABOUT_RETURN_TYPE = YES_ERROR;
				GCC_WARN_UNDECLARED_SELECTOR = YES;
				GCC_WARN_UNINITIALIZED_AUTOS = YES_AGGRESSIVE;
				GCC_WARN_UNUSED_FUNCTION = YES;
				GCC_WARN_UNUSED_VARIABLE = YES;
				IPHONEOS_DEPLOYMENT_TARGET = 15.0;
				LOCALIZATION_PREFERS_STRING_CATALOGS = YES;
				MTL_ENABLE_DEBUG_INFO = INCLUDE_SOURCE;
				MTL_FAST_MATH = YES;
				ONLY_ACTIVE_ARCH = YES;
				SDKROOT = iphoneos;
				SWIFT_ACTIVE_COMPILATION_CONDITIONS = "DEBUG $(inherited)";
				SWIFT_OPTIMIZATION_LEVEL = "-Onone";
			};
			name = Debug;
		};
		7BE8346F2C53BB3A00B1B632 /* Release */ = {
			isa = XCBuildConfiguration;
			buildSettings = {
				ALWAYS_SEARCH_USER_PATHS = NO;
				ASSETCATALOG_COMPILER_GENERATE_SWIFT_ASSET_SYMBOL_EXTENSIONS = YES;
				CLANG_ANALYZER_NONNULL = YES;
				CLANG_ANALYZER_NUMBER_OBJECT_CONVERSION = YES_AGGRESSIVE;
				CLANG_CXX_LANGUAGE_STANDARD = "gnu++20";
				CLANG_ENABLE_MODULES = YES;
				CLANG_ENABLE_OBJC_ARC = YES;
				CLANG_ENABLE_OBJC_WEAK = YES;
				CLANG_WARN_BLOCK_CAPTURE_AUTORELEASING = YES;
				CLANG_WARN_BOOL_CONVERSION = YES;
				CLANG_WARN_COMMA = YES;
				CLANG_WARN_CONSTANT_CONVERSION = YES;
				CLANG_WARN_DEPRECATED_OBJC_IMPLEMENTATIONS = YES;
				CLANG_WARN_DIRECT_OBJC_ISA_USAGE = YES_ERROR;
				CLANG_WARN_DOCUMENTATION_COMMENTS = YES;
				CLANG_WARN_EMPTY_BODY = YES;
				CLANG_WARN_ENUM_CONVERSION = YES;
				CLANG_WARN_INFINITE_RECURSION = YES;
				CLANG_WARN_INT_CONVERSION = YES;
				CLANG_WARN_NON_LITERAL_NULL_CONVERSION = YES;
				CLANG_WARN_OBJC_IMPLICIT_RETAIN_SELF = YES;
				CLANG_WARN_OBJC_LITERAL_CONVERSION = YES;
				CLANG_WARN_OBJC_ROOT_CLASS = YES_ERROR;
				CLANG_WARN_QUOTED_INCLUDE_IN_FRAMEWORK_HEADER = YES;
				CLANG_WARN_RANGE_LOOP_ANALYSIS = YES;
				CLANG_WARN_STRICT_PROTOTYPES = YES;
				CLANG_WARN_SUSPICIOUS_MOVE = YES;
				CLANG_WARN_UNGUARDED_AVAILABILITY = YES_AGGRESSIVE;
				CLANG_WARN_UNREACHABLE_CODE = YES;
				CLANG_WARN__DUPLICATE_METHOD_MATCH = YES;
				COPY_PHASE_STRIP = NO;
				DEBUG_INFORMATION_FORMAT = "dwarf-with-dsym";
				ENABLE_NS_ASSERTIONS = NO;
				ENABLE_STRICT_OBJC_MSGSEND = YES;
				ENABLE_USER_SCRIPT_SANDBOXING = YES;
				GCC_C_LANGUAGE_STANDARD = gnu17;
				GCC_NO_COMMON_BLOCKS = YES;
				GCC_WARN_64_TO_32_BIT_CONVERSION = YES;
				GCC_WARN_ABOUT_RETURN_TYPE = YES_ERROR;
				GCC_WARN_UNDECLARED_SELECTOR = YES;
				GCC_WARN_UNINITIALIZED_AUTOS = YES_AGGRESSIVE;
				GCC_WARN_UNUSED_FUNCTION = YES;
				GCC_WARN_UNUSED_VARIABLE = YES;
				IPHONEOS_DEPLOYMENT_TARGET = 15.0;
				LOCALIZATION_PREFERS_STRING_CATALOGS = YES;
				MTL_ENABLE_DEBUG_INFO = NO;
				MTL_FAST_MATH = YES;
				SDKROOT = iphoneos;
				SWIFT_COMPILATION_MODE = wholemodule;
				VALIDATE_PRODUCT = YES;
			};
			name = Release;
		};
		7BE834712C53BB3A00B1B632 /* Debug */ = {
			isa = XCBuildConfiguration;
			buildSettings = {
				ASSETCATALOG_COMPILER_APPICON_NAME = AppIcon;
				ASSETCATALOG_COMPILER_GLOBAL_ACCENT_COLOR_NAME = AccentColor;
				CODE_SIGN_STYLE = Automatic;
				CURRENT_PROJECT_VERSION = 1;
				DEVELOPMENT_TEAM = 3DJM2CZRX2;
				GENERATE_INFOPLIST_FILE = YES;
				INFOPLIST_FILE = iMedicines/Info.plist;
				INFOPLIST_KEY_CFBundleDisplayName = iMedicines;
				INFOPLIST_KEY_LSApplicationCategoryType = "public.app-category.medical";
				INFOPLIST_KEY_UIApplicationSupportsIndirectInputEvents = YES;
				INFOPLIST_KEY_UILaunchStoryboardName = LaunchScreen;
				INFOPLIST_KEY_UIMainStoryboardFile = "";
				INFOPLIST_KEY_UIStatusBarStyle = "";
				INFOPLIST_KEY_UISupportedInterfaceOrientations = UIInterfaceOrientationPortrait;
				IPHONEOS_DEPLOYMENT_TARGET = 15.0;
				LD_RUNPATH_SEARCH_PATHS = (
					"$(inherited)",
					"@executable_path/Frameworks",
				);
				MARKETING_VERSION = 1.0;
				PRODUCT_BUNDLE_IDENTIFIER = AssA.iMedicines;
				PRODUCT_NAME = "$(TARGET_NAME)";
				SUPPORTED_PLATFORMS = "iphoneos iphonesimulator";
				SUPPORTS_MACCATALYST = NO;
				SUPPORTS_MAC_DESIGNED_FOR_IPHONE_IPAD = NO;
				SUPPORTS_XR_DESIGNED_FOR_IPHONE_IPAD = NO;
				SWIFT_EMIT_LOC_STRINGS = YES;
				SWIFT_VERSION = 5.0;
				TARGETED_DEVICE_FAMILY = "1,2";
			};
			name = Debug;
		};
		7BE834722C53BB3A00B1B632 /* Release */ = {
			isa = XCBuildConfiguration;
			buildSettings = {
				ASSETCATALOG_COMPILER_APPICON_NAME = AppIcon;
				ASSETCATALOG_COMPILER_GLOBAL_ACCENT_COLOR_NAME = AccentColor;
				CODE_SIGN_STYLE = Automatic;
				CURRENT_PROJECT_VERSION = 1;
				DEVELOPMENT_TEAM = 3DJM2CZRX2;
				GENERATE_INFOPLIST_FILE = YES;
				INFOPLIST_FILE = iMedicines/Info.plist;
				INFOPLIST_KEY_CFBundleDisplayName = iMedicines;
				INFOPLIST_KEY_LSApplicationCategoryType = "public.app-category.medical";
				INFOPLIST_KEY_UIApplicationSupportsIndirectInputEvents = YES;
				INFOPLIST_KEY_UILaunchStoryboardName = LaunchScreen;
				INFOPLIST_KEY_UIMainStoryboardFile = "";
				INFOPLIST_KEY_UIStatusBarStyle = "";
				INFOPLIST_KEY_UISupportedInterfaceOrientations = UIInterfaceOrientationPortrait;
				IPHONEOS_DEPLOYMENT_TARGET = 15.0;
				LD_RUNPATH_SEARCH_PATHS = (
					"$(inherited)",
					"@executable_path/Frameworks",
				);
				MARKETING_VERSION = 1.0;
				PRODUCT_BUNDLE_IDENTIFIER = AssA.iMedicines;
				PRODUCT_NAME = "$(TARGET_NAME)";
				SUPPORTED_PLATFORMS = "iphoneos iphonesimulator";
				SUPPORTS_MACCATALYST = NO;
				SUPPORTS_MAC_DESIGNED_FOR_IPHONE_IPAD = NO;
				SUPPORTS_XR_DESIGNED_FOR_IPHONE_IPAD = NO;
				SWIFT_EMIT_LOC_STRINGS = YES;
				SWIFT_VERSION = 5.0;
				TARGETED_DEVICE_FAMILY = "1,2";
			};
			name = Release;
		};
		7BE834742C53BB3A00B1B632 /* Debug */ = {
			isa = XCBuildConfiguration;
			buildSettings = {
				ALWAYS_EMBED_SWIFT_STANDARD_LIBRARIES = YES;
				BUNDLE_LOADER = "$(TEST_HOST)";
				CODE_SIGN_STYLE = Automatic;
				CURRENT_PROJECT_VERSION = 1;
				DEVELOPMENT_TEAM = 3DJM2CZRX2;
				GENERATE_INFOPLIST_FILE = YES;
				IPHONEOS_DEPLOYMENT_TARGET = 17.5;
				MARKETING_VERSION = 1.0;
				PRODUCT_BUNDLE_IDENTIFIER = AssA.iMedicinesTests;
				PRODUCT_NAME = "$(TARGET_NAME)";
				SWIFT_EMIT_LOC_STRINGS = NO;
				SWIFT_VERSION = 5.0;
				TARGETED_DEVICE_FAMILY = "1,2";
				TEST_HOST = "$(BUILT_PRODUCTS_DIR)/iMedicines.app/$(BUNDLE_EXECUTABLE_FOLDER_PATH)/iMedicines";
			};
			name = Debug;
		};
		7BE834752C53BB3A00B1B632 /* Release */ = {
			isa = XCBuildConfiguration;
			buildSettings = {
				ALWAYS_EMBED_SWIFT_STANDARD_LIBRARIES = YES;
				BUNDLE_LOADER = "$(TEST_HOST)";
				CODE_SIGN_STYLE = Automatic;
				CURRENT_PROJECT_VERSION = 1;
				DEVELOPMENT_TEAM = 3DJM2CZRX2;
				GENERATE_INFOPLIST_FILE = YES;
				IPHONEOS_DEPLOYMENT_TARGET = 17.5;
				MARKETING_VERSION = 1.0;
				PRODUCT_BUNDLE_IDENTIFIER = AssA.iMedicinesTests;
				PRODUCT_NAME = "$(TARGET_NAME)";
				SWIFT_EMIT_LOC_STRINGS = NO;
				SWIFT_VERSION = 5.0;
				TARGETED_DEVICE_FAMILY = "1,2";
				TEST_HOST = "$(BUILT_PRODUCTS_DIR)/iMedicines.app/$(BUNDLE_EXECUTABLE_FOLDER_PATH)/iMedicines";
			};
			name = Release;
		};
		7BE834772C53BB3A00B1B632 /* Debug */ = {
			isa = XCBuildConfiguration;
			buildSettings = {
				ALWAYS_EMBED_SWIFT_STANDARD_LIBRARIES = YES;
				CODE_SIGN_STYLE = Automatic;
				CURRENT_PROJECT_VERSION = 1;
				DEVELOPMENT_TEAM = 3DJM2CZRX2;
				GENERATE_INFOPLIST_FILE = YES;
				MARKETING_VERSION = 1.0;
				PRODUCT_BUNDLE_IDENTIFIER = AssA.iMedicinesUITests;
				PRODUCT_NAME = "$(TARGET_NAME)";
				SWIFT_EMIT_LOC_STRINGS = NO;
				SWIFT_VERSION = 5.0;
				TARGETED_DEVICE_FAMILY = "1,2";
				TEST_TARGET_NAME = iMedicines;
			};
			name = Debug;
		};
		7BE834782C53BB3A00B1B632 /* Release */ = {
			isa = XCBuildConfiguration;
			buildSettings = {
				ALWAYS_EMBED_SWIFT_STANDARD_LIBRARIES = YES;
				CODE_SIGN_STYLE = Automatic;
				CURRENT_PROJECT_VERSION = 1;
				DEVELOPMENT_TEAM = 3DJM2CZRX2;
				GENERATE_INFOPLIST_FILE = YES;
				MARKETING_VERSION = 1.0;
				PRODUCT_BUNDLE_IDENTIFIER = AssA.iMedicinesUITests;
				PRODUCT_NAME = "$(TARGET_NAME)";
				SWIFT_EMIT_LOC_STRINGS = NO;
				SWIFT_VERSION = 5.0;
				TARGETED_DEVICE_FAMILY = "1,2";
				TEST_TARGET_NAME = iMedicines;
			};
			name = Release;
		};
/* End XCBuildConfiguration section */

/* Begin XCConfigurationList section */
		7BE834412C53BB3900B1B632 /* Build configuration list for PBXProject "iMedicines" */ = {
			isa = XCConfigurationList;
			buildConfigurations = (
				7BE8346E2C53BB3A00B1B632 /* Debug */,
				7BE8346F2C53BB3A00B1B632 /* Release */,
			);
			defaultConfigurationIsVisible = 0;
			defaultConfigurationName = Release;
		};
		7BE834702C53BB3A00B1B632 /* Build configuration list for PBXNativeTarget "iMedicines" */ = {
			isa = XCConfigurationList;
			buildConfigurations = (
				7BE834712C53BB3A00B1B632 /* Debug */,
				7BE834722C53BB3A00B1B632 /* Release */,
			);
			defaultConfigurationIsVisible = 0;
			defaultConfigurationName = Release;
		};
		7BE834732C53BB3A00B1B632 /* Build configuration list for PBXNativeTarget "iMedicinesTests" */ = {
			isa = XCConfigurationList;
			buildConfigurations = (
				7BE834742C53BB3A00B1B632 /* Debug */,
				7BE834752C53BB3A00B1B632 /* Release */,
			);
			defaultConfigurationIsVisible = 0;
			defaultConfigurationName = Release;
		};
		7BE834762C53BB3A00B1B632 /* Build configuration list for PBXNativeTarget "iMedicinesUITests" */ = {
			isa = XCConfigurationList;
			buildConfigurations = (
				7BE834772C53BB3A00B1B632 /* Debug */,
				7BE834782C53BB3A00B1B632 /* Release */,
			);
			defaultConfigurationIsVisible = 0;
			defaultConfigurationName = Release;
		};
/* End XCConfigurationList section */

/* Begin XCRemoteSwiftPackageReference section */
		7BE834792C53BBA700B1B632 /* XCRemoteSwiftPackageReference "realm-swift" */ = {
			isa = XCRemoteSwiftPackageReference;
			repositoryURL = "https://github.com/realm/realm-swift";
			requirement = {
				branch = master;
				kind = branch;
			};
		};
/* End XCRemoteSwiftPackageReference section */

/* Begin XCSwiftPackageProductDependency section */
		7BE8347A2C53BBA700B1B632 /* RealmSwift */ = {
			isa = XCSwiftPackageProductDependency;
			package = 7BE834792C53BBA700B1B632 /* XCRemoteSwiftPackageReference "realm-swift" */;
			productName = RealmSwift;
		};
/* End XCSwiftPackageProductDependency section */
	};
	rootObject = 7BE8343E2C53BB3900B1B632 /* Project object */;
}
